// !$*UTF8*$!
{
	archiveVersion = 1;
	classes = {
	};
	objectVersion = 56;
	objects = {

/* Begin PBXBuildFile section */
		280DD7922ABF2C8000C2ADA9 /* DatePickerComponent.swift in Sources */ = {isa = PBXBuildFile; fileRef = 280DD7912ABF2C8000C2ADA9 /* DatePickerComponent.swift */; };
		2829C5012ABB6A1F00A75CEB /* Colors.swift in Sources */ = {isa = PBXBuildFile; fileRef = 2829C5002ABB6A1F00A75CEB /* Colors.swift */; };
		2829C5052ABB6D6200A75CEB /* Localizable.xcstrings in Resources */ = {isa = PBXBuildFile; fileRef = 2829C5042ABB6D6200A75CEB /* Localizable.xcstrings */; };
		2836A8C12ABA1BA800778B43 /* AppDelegate.swift in Sources */ = {isa = PBXBuildFile; fileRef = 2836A8C02ABA1BA800778B43 /* AppDelegate.swift */; };
		2836A8C32ABA1BA800778B43 /* SceneDelegate.swift in Sources */ = {isa = PBXBuildFile; fileRef = 2836A8C22ABA1BA800778B43 /* SceneDelegate.swift */; };
		2836A8CB2ABA1BA800778B43 /* DailyTask.xcdatamodeld in Sources */ = {isa = PBXBuildFile; fileRef = 2836A8C92ABA1BA800778B43 /* DailyTask.xcdatamodeld */; };
		2836A8CD2ABA1BA900778B43 /* Assets.xcassets in Resources */ = {isa = PBXBuildFile; fileRef = 2836A8CC2ABA1BA900778B43 /* Assets.xcassets */; };
		2836A8D02ABA1BA900778B43 /* LaunchScreen.storyboard in Resources */ = {isa = PBXBuildFile; fileRef = 2836A8CE2ABA1BA900778B43 /* LaunchScreen.storyboard */; };
		286CAE712AC455EE00200E82 /* LabelComponent.swift in Sources */ = {isa = PBXBuildFile; fileRef = 286CAE702AC455EE00200E82 /* LabelComponent.swift */; };
		286CAE732AC4BD3C00200E82 /* ContainerComponent.swift in Sources */ = {isa = PBXBuildFile; fileRef = 286CAE722AC4BD3C00200E82 /* ContainerComponent.swift */; };
		286CAE952AC59AED00200E82 /* DeadlineComponent.swift in Sources */ = {isa = PBXBuildFile; fileRef = 286CAE942AC59AED00200E82 /* DeadlineComponent.swift */; };
		286CAE972AC5B49300200E82 /* DatePickerView.swift in Sources */ = {isa = PBXBuildFile; fileRef = 286CAE962AC5B49300200E82 /* DatePickerView.swift */; };
		288B59BF2ABE303F0058531D /* ProjectManager.swift in Sources */ = {isa = PBXBuildFile; fileRef = 288B59BE2ABE303F0058531D /* ProjectManager.swift */; };
		288B59C12ABE30750058531D /* ProjectTagManager.swift in Sources */ = {isa = PBXBuildFile; fileRef = 288B59C02ABE30750058531D /* ProjectTagManager.swift */; };
		288B59C32ABE30B20058531D /* TaskManager.swift in Sources */ = {isa = PBXBuildFile; fileRef = 288B59C22ABE30B20058531D /* TaskManager.swift */; };
		288B59C52ABE30DE0058531D /* TaskTagManager.swift in Sources */ = {isa = PBXBuildFile; fileRef = 288B59C42ABE30DE0058531D /* TaskTagManager.swift */; };
		288B59C72ABE30F90058531D /* SubTaskManager.swift in Sources */ = {isa = PBXBuildFile; fileRef = 288B59C62ABE30F90058531D /* SubTaskManager.swift */; };
		288B59D02ABE4C580058531D /* HomeView.swift in Sources */ = {isa = PBXBuildFile; fileRef = 288B59CF2ABE4C580058531D /* HomeView.swift */; };
		288B59D22ABE4C660058531D /* HomeViewModel.swift in Sources */ = {isa = PBXBuildFile; fileRef = 288B59D12ABE4C660058531D /* HomeViewModel.swift */; };
		28B63D072AC1CB5500DE1D1A /* CreateSubTaskView.swift in Sources */ = {isa = PBXBuildFile; fileRef = 28B63D062AC1CB5500DE1D1A /* CreateSubTaskView.swift */; };
		28B63D092AC2157500DE1D1A /* CreateSubTaskViewModel.swift in Sources */ = {isa = PBXBuildFile; fileRef = 28B63D082AC2157500DE1D1A /* CreateSubTaskViewModel.swift */; };
		28C45BF72ABAE920001CEFED /* Coordinator.swift in Sources */ = {isa = PBXBuildFile; fileRef = 28C45BF62ABAE920001CEFED /* Coordinator.swift */; };
		28C45BF92ABAF0E8001CEFED /* MainCoordinator.swift in Sources */ = {isa = PBXBuildFile; fileRef = 28C45BF82ABAF0E8001CEFED /* MainCoordinator.swift */; };
		28FF78C72AC669CB00F2CB59 /* TagComponent.swift in Sources */ = {isa = PBXBuildFile; fileRef = 28FF78C62AC669CB00F2CB59 /* TagComponent.swift */; };
		28FF78C92AC67B9300F2CB59 /* TagsColectionComponent.swift in Sources */ = {isa = PBXBuildFile; fileRef = 28FF78C82AC67B9300F2CB59 /* TagsColectionComponent.swift */; };
		818075F52AC4C28800E4AE26 /* TaskTagView.swift in Sources */ = {isa = PBXBuildFile; fileRef = 818075F42AC4C28800E4AE26 /* TaskTagView.swift */; };
		818075F72AC4C2A000E4AE26 /* EditTaskTagView.swift in Sources */ = {isa = PBXBuildFile; fileRef = 818075F62AC4C2A000E4AE26 /* EditTaskTagView.swift */; };
		818075F92AC4C2D800E4AE26 /* TaskTagViewModel.swift in Sources */ = {isa = PBXBuildFile; fileRef = 818075F82AC4C2D800E4AE26 /* TaskTagViewModel.swift */; };
		818075FB2AC4C2F100E4AE26 /* EditTaskTagViewModel.swift in Sources */ = {isa = PBXBuildFile; fileRef = 818075FA2AC4C2F100E4AE26 /* EditTaskTagViewModel.swift */; };
		818075FE2AC4D7E100E4AE26 /* ProjectTagView.swift in Sources */ = {isa = PBXBuildFile; fileRef = 818075FD2AC4D7E100E4AE26 /* ProjectTagView.swift */; };
		818076002AC4D7ED00E4AE26 /* ProjectTagViewModel.swift in Sources */ = {isa = PBXBuildFile; fileRef = 818075FF2AC4D7ED00E4AE26 /* ProjectTagViewModel.swift */; };
		818076022AC4D7FE00E4AE26 /* EditProjectTagView.swift in Sources */ = {isa = PBXBuildFile; fileRef = 818076012AC4D7FE00E4AE26 /* EditProjectTagView.swift */; };
		818076042AC4D81000E4AE26 /* EditProjectTagViewModel.swift in Sources */ = {isa = PBXBuildFile; fileRef = 818076032AC4D81000E4AE26 /* EditProjectTagViewModel.swift */; };
		9B0AA4182AC07B07008D08B6 /* TaskView.swift in Sources */ = {isa = PBXBuildFile; fileRef = 9B0AA4172AC07B07008D08B6 /* TaskView.swift */; };
		9B0AA41A2AC07B11008D08B6 /* TaskViewModel.swift in Sources */ = {isa = PBXBuildFile; fileRef = 9B0AA4192AC07B11008D08B6 /* TaskViewModel.swift */; };
		9B0AA41C2AC089D6008D08B6 /* CreateTaskView.swift in Sources */ = {isa = PBXBuildFile; fileRef = 9B0AA41B2AC089D6008D08B6 /* CreateTaskView.swift */; };
		9B0AA4222AC1E8D7008D08B6 /* CreateTaskViewModel.swift in Sources */ = {isa = PBXBuildFile; fileRef = 9B0AA4212AC1E8D7008D08B6 /* CreateTaskViewModel.swift */; };
		9B6EB2D92AC5FE7100DA1430 /* Priority.swift in Sources */ = {isa = PBXBuildFile; fileRef = 9B6EB2D82AC5FE7100DA1430 /* Priority.swift */; };
		9BB144B02ACB634A0023D7C6 /* ContainerProjectsList.swift in Sources */ = {isa = PBXBuildFile; fileRef = 9BB144AF2ACB634A0023D7C6 /* ContainerProjectsList.swift */; };
		9BC048B72AC4674400A1E9BB /* Checkbox.swift in Sources */ = {isa = PBXBuildFile; fileRef = 9BC048B62AC4674400A1E9BB /* Checkbox.swift */; };
		9BC048B92AC467E600A1E9BB /* CheckboxViewCell.swift in Sources */ = {isa = PBXBuildFile; fileRef = 9BC048B82AC467E600A1E9BB /* CheckboxViewCell.swift */; };
		9BC048BE2AC4AA5000A1E9BB /* SegmentedControl.swift in Sources */ = {isa = PBXBuildFile; fileRef = 9BC048BD2AC4AA5000A1E9BB /* SegmentedControl.swift */; };
		9BEC391E2AC7661B00B42C4C /* SubtasksInTasksComponent.swift in Sources */ = {isa = PBXBuildFile; fileRef = 9BEC391D2AC7661B00B42C4C /* SubtasksInTasksComponent.swift */; };
		E84018BE2ABF3579000AA58B /* ProjectListView.swift in Sources */ = {isa = PBXBuildFile; fileRef = E84018BD2ABF3579000AA58B /* ProjectListView.swift */; };
		E84018C02ABF358B000AA58B /* ProjectListViewModel.swift in Sources */ = {isa = PBXBuildFile; fileRef = E84018BF2ABF358B000AA58B /* ProjectListViewModel.swift */; };
		E84018C82ABFAE0C000AA58B /* ProjectListCollectionViewCell.swift in Sources */ = {isa = PBXBuildFile; fileRef = E84018C72ABFAE0C000AA58B /* ProjectListCollectionViewCell.swift */; };
		E84018CC2ABFAFF5000AA58B /* ProjectCreationView.swift in Sources */ = {isa = PBXBuildFile; fileRef = E84018CB2ABFAFF5000AA58B /* ProjectCreationView.swift */; };
		E84018CE2ABFB01F000AA58B /* ProjectCreationViewModel.swift in Sources */ = {isa = PBXBuildFile; fileRef = E84018CD2ABFB01F000AA58B /* ProjectCreationViewModel.swift */; };
		E84018F42AC13C5A000AA58B /* TaskTableForProjectList.swift in Sources */ = {isa = PBXBuildFile; fileRef = E84018F32AC13C5A000AA58B /* TaskTableForProjectList.swift */; };
		E87A9C102AC5EBF1009E6744 /* ChooseMethodologyComponent.swift in Sources */ = {isa = PBXBuildFile; fileRef = E87A9C0F2AC5EBF1009E6744 /* ChooseMethodologyComponent.swift */; };
		E87C6EF32AC208A4001B794C /* ProgressCircleBarComponent.swift in Sources */ = {isa = PBXBuildFile; fileRef = E87C6EF22AC208A4001B794C /* ProgressCircleBarComponent.swift */; };
		E87C6EF52AC24A62001B794C /* ChooseIconComponent.swift in Sources */ = {isa = PBXBuildFile; fileRef = E87C6EF42AC24A62001B794C /* ChooseIconComponent.swift */; };
		E87C6F172AC27441001B794C /* TextFieldComponent.swift in Sources */ = {isa = PBXBuildFile; fileRef = E87C6F162AC27441001B794C /* TextFieldComponent.swift */; };
		E884683C2AC8D1B6009175BB /* TESTViewController.swift in Sources */ = {isa = PBXBuildFile; fileRef = E884683B2AC8D1B6009175BB /* TESTViewController.swift */; };
		E884683E2AC8D5E9009175BB /* ModalSquareComponent.swift in Sources */ = {isa = PBXBuildFile; fileRef = E884683D2AC8D5E9009175BB /* ModalSquareComponent.swift */; };
		E88468412AC9265B009175BB /* ModalGetInfoTaskView.swift in Sources */ = {isa = PBXBuildFile; fileRef = E88468402AC9265B009175BB /* ModalGetInfoTaskView.swift */; };
		E88468432AC927B8009175BB /* ModalGetInfoTaskViewModel.swift in Sources */ = {isa = PBXBuildFile; fileRef = E88468422AC927B8009175BB /* ModalGetInfoTaskViewModel.swift */; };
		E88A24232AC3DB9500D77229 /* ColorChooseComponent.swift in Sources */ = {isa = PBXBuildFile; fileRef = E88A24222AC3DB9500D77229 /* ColorChooseComponent.swift */; };
		E88A24272AC4C37900D77229 /* TextDescriptionComponent.swift in Sources */ = {isa = PBXBuildFile; fileRef = E88A24262AC4C37900D77229 /* TextDescriptionComponent.swift */; };
/* End PBXBuildFile section */

/* Begin PBXFileReference section */
		280DD7912ABF2C8000C2ADA9 /* DatePickerComponent.swift */ = {isa = PBXFileReference; lastKnownFileType = sourcecode.swift; path = DatePickerComponent.swift; sourceTree = "<group>"; };
		2829C5002ABB6A1F00A75CEB /* Colors.swift */ = {isa = PBXFileReference; lastKnownFileType = sourcecode.swift; path = Colors.swift; sourceTree = "<group>"; };
		2829C5042ABB6D6200A75CEB /* Localizable.xcstrings */ = {isa = PBXFileReference; lastKnownFileType = text.json.xcstrings; path = Localizable.xcstrings; sourceTree = "<group>"; };
		2836A8BD2ABA1BA800778B43 /* DailyTask.app */ = {isa = PBXFileReference; explicitFileType = wrapper.application; includeInIndex = 0; path = DailyTask.app; sourceTree = BUILT_PRODUCTS_DIR; };
		2836A8C02ABA1BA800778B43 /* AppDelegate.swift */ = {isa = PBXFileReference; lastKnownFileType = sourcecode.swift; path = AppDelegate.swift; sourceTree = "<group>"; };
		2836A8C22ABA1BA800778B43 /* SceneDelegate.swift */ = {isa = PBXFileReference; lastKnownFileType = sourcecode.swift; path = SceneDelegate.swift; sourceTree = "<group>"; };
		2836A8CA2ABA1BA800778B43 /* DailyTask.xcdatamodel */ = {isa = PBXFileReference; lastKnownFileType = wrapper.xcdatamodel; path = DailyTask.xcdatamodel; sourceTree = "<group>"; };
		2836A8CC2ABA1BA900778B43 /* Assets.xcassets */ = {isa = PBXFileReference; lastKnownFileType = folder.assetcatalog; path = Assets.xcassets; sourceTree = "<group>"; };
		2836A8CF2ABA1BA900778B43 /* Base */ = {isa = PBXFileReference; lastKnownFileType = file.storyboard; name = Base; path = Base.lproj/LaunchScreen.storyboard; sourceTree = "<group>"; };
		2836A8D12ABA1BA900778B43 /* DailyTask.entitlements */ = {isa = PBXFileReference; lastKnownFileType = text.plist.entitlements; path = DailyTask.entitlements; sourceTree = "<group>"; };
		2836A8D22ABA1BA900778B43 /* Info.plist */ = {isa = PBXFileReference; lastKnownFileType = text.plist.xml; path = Info.plist; sourceTree = "<group>"; };
		286CAE702AC455EE00200E82 /* LabelComponent.swift */ = {isa = PBXFileReference; lastKnownFileType = sourcecode.swift; path = LabelComponent.swift; sourceTree = "<group>"; };
		286CAE722AC4BD3C00200E82 /* ContainerComponent.swift */ = {isa = PBXFileReference; lastKnownFileType = sourcecode.swift; path = ContainerComponent.swift; sourceTree = "<group>"; };
		286CAE942AC59AED00200E82 /* DeadlineComponent.swift */ = {isa = PBXFileReference; lastKnownFileType = sourcecode.swift; path = DeadlineComponent.swift; sourceTree = "<group>"; };
		286CAE962AC5B49300200E82 /* DatePickerView.swift */ = {isa = PBXFileReference; lastKnownFileType = sourcecode.swift; path = DatePickerView.swift; sourceTree = "<group>"; };
		288B59BE2ABE303F0058531D /* ProjectManager.swift */ = {isa = PBXFileReference; lastKnownFileType = sourcecode.swift; path = ProjectManager.swift; sourceTree = "<group>"; };
		288B59C02ABE30750058531D /* ProjectTagManager.swift */ = {isa = PBXFileReference; lastKnownFileType = sourcecode.swift; path = ProjectTagManager.swift; sourceTree = "<group>"; };
		288B59C22ABE30B20058531D /* TaskManager.swift */ = {isa = PBXFileReference; lastKnownFileType = sourcecode.swift; path = TaskManager.swift; sourceTree = "<group>"; };
		288B59C42ABE30DE0058531D /* TaskTagManager.swift */ = {isa = PBXFileReference; lastKnownFileType = sourcecode.swift; path = TaskTagManager.swift; sourceTree = "<group>"; };
		288B59C62ABE30F90058531D /* SubTaskManager.swift */ = {isa = PBXFileReference; lastKnownFileType = sourcecode.swift; path = SubTaskManager.swift; sourceTree = "<group>"; };
		288B59CF2ABE4C580058531D /* HomeView.swift */ = {isa = PBXFileReference; lastKnownFileType = sourcecode.swift; path = HomeView.swift; sourceTree = "<group>"; };
		288B59D12ABE4C660058531D /* HomeViewModel.swift */ = {isa = PBXFileReference; lastKnownFileType = sourcecode.swift; path = HomeViewModel.swift; sourceTree = "<group>"; };
		28B63D062AC1CB5500DE1D1A /* CreateSubTaskView.swift */ = {isa = PBXFileReference; lastKnownFileType = sourcecode.swift; path = CreateSubTaskView.swift; sourceTree = "<group>"; };
		28B63D082AC2157500DE1D1A /* CreateSubTaskViewModel.swift */ = {isa = PBXFileReference; lastKnownFileType = sourcecode.swift; path = CreateSubTaskViewModel.swift; sourceTree = "<group>"; };
		28C45BF62ABAE920001CEFED /* Coordinator.swift */ = {isa = PBXFileReference; lastKnownFileType = sourcecode.swift; path = Coordinator.swift; sourceTree = "<group>"; };
		28C45BF82ABAF0E8001CEFED /* MainCoordinator.swift */ = {isa = PBXFileReference; lastKnownFileType = sourcecode.swift; path = MainCoordinator.swift; sourceTree = "<group>"; };
		28FF78C62AC669CB00F2CB59 /* TagComponent.swift */ = {isa = PBXFileReference; lastKnownFileType = sourcecode.swift; path = TagComponent.swift; sourceTree = "<group>"; };
		28FF78C82AC67B9300F2CB59 /* TagsColectionComponent.swift */ = {isa = PBXFileReference; lastKnownFileType = sourcecode.swift; path = TagsColectionComponent.swift; sourceTree = "<group>"; };
		818075F42AC4C28800E4AE26 /* TaskTagView.swift */ = {isa = PBXFileReference; lastKnownFileType = sourcecode.swift; path = TaskTagView.swift; sourceTree = "<group>"; };
		818075F62AC4C2A000E4AE26 /* EditTaskTagView.swift */ = {isa = PBXFileReference; lastKnownFileType = sourcecode.swift; path = EditTaskTagView.swift; sourceTree = "<group>"; };
		818075F82AC4C2D800E4AE26 /* TaskTagViewModel.swift */ = {isa = PBXFileReference; lastKnownFileType = sourcecode.swift; path = TaskTagViewModel.swift; sourceTree = "<group>"; };
		818075FA2AC4C2F100E4AE26 /* EditTaskTagViewModel.swift */ = {isa = PBXFileReference; lastKnownFileType = sourcecode.swift; path = EditTaskTagViewModel.swift; sourceTree = "<group>"; };
		818075FD2AC4D7E100E4AE26 /* ProjectTagView.swift */ = {isa = PBXFileReference; lastKnownFileType = sourcecode.swift; path = ProjectTagView.swift; sourceTree = "<group>"; };
		818075FF2AC4D7ED00E4AE26 /* ProjectTagViewModel.swift */ = {isa = PBXFileReference; lastKnownFileType = sourcecode.swift; path = ProjectTagViewModel.swift; sourceTree = "<group>"; };
		818076012AC4D7FE00E4AE26 /* EditProjectTagView.swift */ = {isa = PBXFileReference; lastKnownFileType = sourcecode.swift; path = EditProjectTagView.swift; sourceTree = "<group>"; };
		818076032AC4D81000E4AE26 /* EditProjectTagViewModel.swift */ = {isa = PBXFileReference; lastKnownFileType = sourcecode.swift; path = EditProjectTagViewModel.swift; sourceTree = "<group>"; };
		9B0AA4172AC07B07008D08B6 /* TaskView.swift */ = {isa = PBXFileReference; lastKnownFileType = sourcecode.swift; path = TaskView.swift; sourceTree = "<group>"; };
		9B0AA4192AC07B11008D08B6 /* TaskViewModel.swift */ = {isa = PBXFileReference; lastKnownFileType = sourcecode.swift; path = TaskViewModel.swift; sourceTree = "<group>"; };
		9B0AA41B2AC089D6008D08B6 /* CreateTaskView.swift */ = {isa = PBXFileReference; lastKnownFileType = sourcecode.swift; path = CreateTaskView.swift; sourceTree = "<group>"; };
		9B0AA4212AC1E8D7008D08B6 /* CreateTaskViewModel.swift */ = {isa = PBXFileReference; lastKnownFileType = sourcecode.swift; path = CreateTaskViewModel.swift; sourceTree = "<group>"; };
		9B6EB2D82AC5FE7100DA1430 /* Priority.swift */ = {isa = PBXFileReference; lastKnownFileType = sourcecode.swift; path = Priority.swift; sourceTree = "<group>"; };
		9BB144AF2ACB634A0023D7C6 /* ContainerProjectsList.swift */ = {isa = PBXFileReference; lastKnownFileType = sourcecode.swift; path = ContainerProjectsList.swift; sourceTree = "<group>"; };
		9BC048B62AC4674400A1E9BB /* Checkbox.swift */ = {isa = PBXFileReference; lastKnownFileType = sourcecode.swift; path = Checkbox.swift; sourceTree = "<group>"; };
		9BC048B82AC467E600A1E9BB /* CheckboxViewCell.swift */ = {isa = PBXFileReference; lastKnownFileType = sourcecode.swift; path = CheckboxViewCell.swift; sourceTree = "<group>"; };
		9BC048BD2AC4AA5000A1E9BB /* SegmentedControl.swift */ = {isa = PBXFileReference; lastKnownFileType = sourcecode.swift; path = SegmentedControl.swift; sourceTree = "<group>"; };
		9BEC391D2AC7661B00B42C4C /* SubtasksInTasksComponent.swift */ = {isa = PBXFileReference; lastKnownFileType = sourcecode.swift; path = SubtasksInTasksComponent.swift; sourceTree = "<group>"; };
		E84018BD2ABF3579000AA58B /* ProjectListView.swift */ = {isa = PBXFileReference; lastKnownFileType = sourcecode.swift; path = ProjectListView.swift; sourceTree = "<group>"; };
		E84018BF2ABF358B000AA58B /* ProjectListViewModel.swift */ = {isa = PBXFileReference; lastKnownFileType = sourcecode.swift; path = ProjectListViewModel.swift; sourceTree = "<group>"; };
		E84018C72ABFAE0C000AA58B /* ProjectListCollectionViewCell.swift */ = {isa = PBXFileReference; lastKnownFileType = sourcecode.swift; path = ProjectListCollectionViewCell.swift; sourceTree = "<group>"; };
		E84018CB2ABFAFF5000AA58B /* ProjectCreationView.swift */ = {isa = PBXFileReference; lastKnownFileType = sourcecode.swift; path = ProjectCreationView.swift; sourceTree = "<group>"; };
		E84018CD2ABFB01F000AA58B /* ProjectCreationViewModel.swift */ = {isa = PBXFileReference; lastKnownFileType = sourcecode.swift; path = ProjectCreationViewModel.swift; sourceTree = "<group>"; };
		E84018F32AC13C5A000AA58B /* TaskTableForProjectList.swift */ = {isa = PBXFileReference; lastKnownFileType = sourcecode.swift; path = TaskTableForProjectList.swift; sourceTree = "<group>"; };
		E87A9C0F2AC5EBF1009E6744 /* ChooseMethodologyComponent.swift */ = {isa = PBXFileReference; lastKnownFileType = sourcecode.swift; path = ChooseMethodologyComponent.swift; sourceTree = "<group>"; };
		E87C6EF22AC208A4001B794C /* ProgressCircleBarComponent.swift */ = {isa = PBXFileReference; lastKnownFileType = sourcecode.swift; path = ProgressCircleBarComponent.swift; sourceTree = "<group>"; };
		E87C6EF42AC24A62001B794C /* ChooseIconComponent.swift */ = {isa = PBXFileReference; lastKnownFileType = sourcecode.swift; path = ChooseIconComponent.swift; sourceTree = "<group>"; };
		E87C6F162AC27441001B794C /* TextFieldComponent.swift */ = {isa = PBXFileReference; lastKnownFileType = sourcecode.swift; path = TextFieldComponent.swift; sourceTree = "<group>"; };
		E884683B2AC8D1B6009175BB /* TESTViewController.swift */ = {isa = PBXFileReference; lastKnownFileType = sourcecode.swift; path = TESTViewController.swift; sourceTree = "<group>"; };
		E884683D2AC8D5E9009175BB /* ModalSquareComponent.swift */ = {isa = PBXFileReference; lastKnownFileType = sourcecode.swift; path = ModalSquareComponent.swift; sourceTree = "<group>"; };
		E88468402AC9265B009175BB /* ModalGetInfoTaskView.swift */ = {isa = PBXFileReference; lastKnownFileType = sourcecode.swift; path = ModalGetInfoTaskView.swift; sourceTree = "<group>"; };
		E88468422AC927B8009175BB /* ModalGetInfoTaskViewModel.swift */ = {isa = PBXFileReference; lastKnownFileType = sourcecode.swift; path = ModalGetInfoTaskViewModel.swift; sourceTree = "<group>"; };
		E88A24222AC3DB9500D77229 /* ColorChooseComponent.swift */ = {isa = PBXFileReference; lastKnownFileType = sourcecode.swift; path = ColorChooseComponent.swift; sourceTree = "<group>"; };
		E88A24262AC4C37900D77229 /* TextDescriptionComponent.swift */ = {isa = PBXFileReference; lastKnownFileType = sourcecode.swift; path = TextDescriptionComponent.swift; sourceTree = "<group>"; };
/* End PBXFileReference section */

/* Begin PBXFrameworksBuildPhase section */
		2836A8BA2ABA1BA800778B43 /* Frameworks */ = {
			isa = PBXFrameworksBuildPhase;
			buildActionMask = 2147483647;
			files = (
			);
			runOnlyForDeploymentPostprocessing = 0;
		};
/* End PBXFrameworksBuildPhase section */

/* Begin PBXGroup section */
		2829C4FF2ABB69F600A75CEB /* Extensions */ = {
			isa = PBXGroup;
			children = (
				2829C5002ABB6A1F00A75CEB /* Colors.swift */,
			);
			path = Extensions;
			sourceTree = "<group>";
		};
		2829C5022ABB6B8900A75CEB /* Components */ = {
			isa = PBXGroup;
			children = (
				28FF78C82AC67B9300F2CB59 /* TagsColectionComponent.swift */,
				E87C6EF42AC24A62001B794C /* ChooseIconComponent.swift */,
				E87C6F162AC27441001B794C /* TextFieldComponent.swift */,
				E88A24222AC3DB9500D77229 /* ColorChooseComponent.swift */,
				280DD7912ABF2C8000C2ADA9 /* DatePickerComponent.swift */,
				E88A24262AC4C37900D77229 /* TextDescriptionComponent.swift */,
				286CAE722AC4BD3C00200E82 /* ContainerComponent.swift */,
				286CAE702AC455EE00200E82 /* LabelComponent.swift */,
				286CAE942AC59AED00200E82 /* DeadlineComponent.swift */,
				286CAE962AC5B49300200E82 /* DatePickerView.swift */,
				9BC048BD2AC4AA5000A1E9BB /* SegmentedControl.swift */,
				28FF78C62AC669CB00F2CB59 /* TagComponent.swift */,
				9BB144AF2ACB634A0023D7C6 /* ContainerProjectsList.swift */,
			);
			path = Components;
			sourceTree = "<group>";
		};
		2829C5032ABB6D2600A75CEB /* Localizations */ = {
			isa = PBXGroup;
			children = (
				2829C5042ABB6D6200A75CEB /* Localizable.xcstrings */,
			);
			path = Localizations;
			sourceTree = "<group>";
		};
		2836A8B42ABA1BA800778B43 = {
			isa = PBXGroup;
			children = (
				2836A8BF2ABA1BA800778B43 /* DailyTask */,
				2836A8BE2ABA1BA800778B43 /* Products */,
			);
			sourceTree = "<group>";
		};
		2836A8BE2ABA1BA800778B43 /* Products */ = {
			isa = PBXGroup;
			children = (
				2836A8BD2ABA1BA800778B43 /* DailyTask.app */,
			);
			name = Products;
			sourceTree = "<group>";
		};
		2836A8BF2ABA1BA800778B43 /* DailyTask */ = {
			isa = PBXGroup;
			children = (
				28C45C032ABAF920001CEFED /* Core */,
				28C45C012ABAF903001CEFED /* Coordinator */,
				28C45BFC2ABAF883001CEFED /* Model */,
				28C45BFE2ABAF894001CEFED /* Icloud */,
				28C45C002ABAF8D0001CEFED /* Assets */,
				2829C5032ABB6D2600A75CEB /* Localizations */,
				2829C4FF2ABB69F600A75CEB /* Extensions */,
				28C45BFF2ABAF8C0001CEFED /* System */,
			);
			path = DailyTask;
			sourceTree = "<group>";
		};
		288B59CD2ABE4C2D0058531D /* Home */ = {
			isa = PBXGroup;
			children = (
				288B59CE2ABE4C370058531D /* Components */,
				288B59D12ABE4C660058531D /* HomeViewModel.swift */,
				288B59CF2ABE4C580058531D /* HomeView.swift */,
			);
			path = Home;
			sourceTree = "<group>";
		};
		288B59CE2ABE4C370058531D /* Components */ = {
			isa = PBXGroup;
			children = (
			);
			path = Components;
			sourceTree = "<group>";
		};
		28B63D052AC1CA9E00DE1D1A /* CreateSubTask */ = {
			isa = PBXGroup;
			children = (
				28B63D062AC1CB5500DE1D1A /* CreateSubTaskView.swift */,
				28B63D082AC2157500DE1D1A /* CreateSubTaskViewModel.swift */,
			);
			path = CreateSubTask;
			sourceTree = "<group>";
		};
		28C45BFC2ABAF883001CEFED /* Model */ = {
			isa = PBXGroup;
			children = (
				2836A8C92ABA1BA800778B43 /* DailyTask.xcdatamodeld */,
				288B59BE2ABE303F0058531D /* ProjectManager.swift */,
				288B59C02ABE30750058531D /* ProjectTagManager.swift */,
				288B59C42ABE30DE0058531D /* TaskTagManager.swift */,
				288B59C22ABE30B20058531D /* TaskManager.swift */,
				288B59C62ABE30F90058531D /* SubTaskManager.swift */,
			);
			path = Model;
			sourceTree = "<group>";
		};
		28C45BFE2ABAF894001CEFED /* Icloud */ = {
			isa = PBXGroup;
			children = (
				2836A8D12ABA1BA900778B43 /* DailyTask.entitlements */,
			);
			path = Icloud;
			sourceTree = "<group>";
		};
		28C45BFF2ABAF8C0001CEFED /* System */ = {
			isa = PBXGroup;
			children = (
				2836A8D22ABA1BA900778B43 /* Info.plist */,
				2836A8C02ABA1BA800778B43 /* AppDelegate.swift */,
				2836A8C22ABA1BA800778B43 /* SceneDelegate.swift */,
				2836A8CE2ABA1BA900778B43 /* LaunchScreen.storyboard */,
			);
			path = System;
			sourceTree = "<group>";
		};
		28C45C002ABAF8D0001CEFED /* Assets */ = {
			isa = PBXGroup;
			children = (
				2836A8CC2ABA1BA900778B43 /* Assets.xcassets */,
			);
			path = Assets;
			sourceTree = "<group>";
		};
		28C45C012ABAF903001CEFED /* Coordinator */ = {
			isa = PBXGroup;
			children = (
				28C45BF82ABAF0E8001CEFED /* MainCoordinator.swift */,
				28C45BF62ABAE920001CEFED /* Coordinator.swift */,
			);
			path = Coordinator;
			sourceTree = "<group>";
		};
		28C45C032ABAF920001CEFED /* Core */ = {
			isa = PBXGroup;
			children = (
				9BB144B12ACBAB9D0023D7C6 /* Project */,
				2829C5022ABB6B8900A75CEB /* Components */,
				818075FC2AC4C66300E4AE26 /* Tag */,
				9B0AA4152AC07AF2008D08B6 /* Task */,
				28B63D052AC1CA9E00DE1D1A /* CreateSubTask */,
				288B59CD2ABE4C2D0058531D /* Home */,
				E884683B2AC8D1B6009175BB /* TESTViewController.swift */,
			);
			path = Core;
			sourceTree = "<group>";
		};
		818075F22AC4C16700E4AE26 /* ProjectTag */ = {
			isa = PBXGroup;
			children = (
				818075FD2AC4D7E100E4AE26 /* ProjectTagView.swift */,
				818075FF2AC4D7ED00E4AE26 /* ProjectTagViewModel.swift */,
				818076012AC4D7FE00E4AE26 /* EditProjectTagView.swift */,
				818076032AC4D81000E4AE26 /* EditProjectTagViewModel.swift */,
			);
			path = ProjectTag;
			sourceTree = "<group>";
		};
		818075F32AC4C16F00E4AE26 /* TaskTag */ = {
			isa = PBXGroup;
			children = (
				818075F42AC4C28800E4AE26 /* TaskTagView.swift */,
				818075F82AC4C2D800E4AE26 /* TaskTagViewModel.swift */,
				818075F62AC4C2A000E4AE26 /* EditTaskTagView.swift */,
				818075FA2AC4C2F100E4AE26 /* EditTaskTagViewModel.swift */,
			);
			path = TaskTag;
			sourceTree = "<group>";
		};
		818075FC2AC4C66300E4AE26 /* Tag */ = {
			isa = PBXGroup;
			children = (
				818075F22AC4C16700E4AE26 /* ProjectTag */,
				818075F32AC4C16F00E4AE26 /* TaskTag */,
			);
			path = Tag;
			sourceTree = "<group>";
		};
		9B0AA4152AC07AF2008D08B6 /* Task */ = {
			isa = PBXGroup;
			children = (
				E884683F2AC92635009175BB /* ModalGetInfoTask */,
				9BC048B42AC45E3100A1E9BB /* CreateTask */,
				9BC048B32AC45E2500A1E9BB /* TaskList */,
				9B0AA4162AC07AF9008D08B6 /* Components */,
			);
			path = Task;
			sourceTree = "<group>";
		};
		9B0AA4162AC07AF9008D08B6 /* Components */ = {
			isa = PBXGroup;
			children = (
				9BC048B52AC4673100A1E9BB /* Checkbox */,
				9BEC391D2AC7661B00B42C4C /* SubtasksInTasksComponent.swift */,
				9B6EB2D82AC5FE7100DA1430 /* Priority.swift */,
				E884683D2AC8D5E9009175BB /* ModalSquareComponent.swift */,
			);
			path = Components;
			sourceTree = "<group>";
		};
		9BB144B12ACBAB9D0023D7C6 /* Project */ = {
			isa = PBXGroup;
			children = (
				E84018CF2ABFE3D3000AA58B /* ProjectCreation */,
				E84018B92ABF3532000AA58B /* ProjectList */,
			);
			path = Project;
			sourceTree = "<group>";
		};
		9BC048B32AC45E2500A1E9BB /* TaskList */ = {
			isa = PBXGroup;
			children = (
				9B0AA4172AC07B07008D08B6 /* TaskView.swift */,
				9B0AA4192AC07B11008D08B6 /* TaskViewModel.swift */,
			);
			path = TaskList;
			sourceTree = "<group>";
		};
		9BC048B42AC45E3100A1E9BB /* CreateTask */ = {
			isa = PBXGroup;
			children = (
				9B0AA41B2AC089D6008D08B6 /* CreateTaskView.swift */,
				9B0AA4212AC1E8D7008D08B6 /* CreateTaskViewModel.swift */,
			);
			path = CreateTask;
			sourceTree = "<group>";
		};
		9BC048B52AC4673100A1E9BB /* Checkbox */ = {
			isa = PBXGroup;
			children = (
				9BC048B62AC4674400A1E9BB /* Checkbox.swift */,
				9BC048B82AC467E600A1E9BB /* CheckboxViewCell.swift */,
			);
			path = Checkbox;
			sourceTree = "<group>";
		};
		E84018B92ABF3532000AA58B /* ProjectList */ = {
			isa = PBXGroup;
			children = (
				E84018BD2ABF3579000AA58B /* ProjectListView.swift */,
				E84018BF2ABF358B000AA58B /* ProjectListViewModel.swift */,
				E84018BB2ABF3549000AA58B /* Components */,
			);
			path = ProjectList;
			sourceTree = "<group>";
		};
		E84018BB2ABF3549000AA58B /* Components */ = {
			isa = PBXGroup;
			children = (
				E84018C72ABFAE0C000AA58B /* ProjectListCollectionViewCell.swift */,
				E84018F32AC13C5A000AA58B /* TaskTableForProjectList.swift */,
				E87C6EF22AC208A4001B794C /* ProgressCircleBarComponent.swift */,
			);
			path = Components;
			sourceTree = "<group>";
		};
		E84018CF2ABFE3D3000AA58B /* ProjectCreation */ = {
			isa = PBXGroup;
			children = (
				E84018D02ABFE409000AA58B /* Components */,
				E84018CB2ABFAFF5000AA58B /* ProjectCreationView.swift */,
				E84018CD2ABFB01F000AA58B /* ProjectCreationViewModel.swift */,
			);
			path = ProjectCreation;
			sourceTree = "<group>";
		};
		E84018D02ABFE409000AA58B /* Components */ = {
			isa = PBXGroup;
			children = (
				E87A9C0F2AC5EBF1009E6744 /* ChooseMethodologyComponent.swift */,
			);
			path = Components;
			sourceTree = "<group>";
		};
		E884683F2AC92635009175BB /* ModalGetInfoTask */ = {
			isa = PBXGroup;
			children = (
				E88468402AC9265B009175BB /* ModalGetInfoTaskView.swift */,
				E88468422AC927B8009175BB /* ModalGetInfoTaskViewModel.swift */,
			);
			path = ModalGetInfoTask;
			sourceTree = "<group>";
		};
/* End PBXGroup section */

/* Begin PBXNativeTarget section */
		2836A8BC2ABA1BA800778B43 /* DailyTask */ = {
			isa = PBXNativeTarget;
			buildConfigurationList = 2836A8D52ABA1BA900778B43 /* Build configuration list for PBXNativeTarget "DailyTask" */;
			buildPhases = (
				2836A8B92ABA1BA800778B43 /* Sources */,
				2836A8BA2ABA1BA800778B43 /* Frameworks */,
				2836A8BB2ABA1BA800778B43 /* Resources */,
			);
			buildRules = (
			);
			dependencies = (
			);
			name = DailyTask;
			productName = DailyTask;
			productReference = 2836A8BD2ABA1BA800778B43 /* DailyTask.app */;
			productType = "com.apple.product-type.application";
		};
/* End PBXNativeTarget section */

/* Begin PBXProject section */
		2836A8B52ABA1BA800778B43 /* Project object */ = {
			isa = PBXProject;
			attributes = {
				BuildIndependentTargetsInParallel = 1;
				LastSwiftUpdateCheck = 1500;
				LastUpgradeCheck = 1500;
				TargetAttributes = {
					2836A8BC2ABA1BA800778B43 = {
						CreatedOnToolsVersion = 15.0;
					};
				};
			};
			buildConfigurationList = 2836A8B82ABA1BA800778B43 /* Build configuration list for PBXProject "DailyTask" */;
			compatibilityVersion = "Xcode 14.0";
			developmentRegion = en;
			hasScannedForEncodings = 0;
			knownRegions = (
				en,
				Base,
				"pt-BR",
				fr,
			);
			mainGroup = 2836A8B42ABA1BA800778B43;
			productRefGroup = 2836A8BE2ABA1BA800778B43 /* Products */;
			projectDirPath = "";
			projectRoot = "";
			targets = (
				2836A8BC2ABA1BA800778B43 /* DailyTask */,
			);
		};
/* End PBXProject section */

/* Begin PBXResourcesBuildPhase section */
		2836A8BB2ABA1BA800778B43 /* Resources */ = {
			isa = PBXResourcesBuildPhase;
			buildActionMask = 2147483647;
			files = (
				2836A8D02ABA1BA900778B43 /* LaunchScreen.storyboard in Resources */,
				2836A8CD2ABA1BA900778B43 /* Assets.xcassets in Resources */,
				2829C5052ABB6D6200A75CEB /* Localizable.xcstrings in Resources */,
			);
			runOnlyForDeploymentPostprocessing = 0;
		};
/* End PBXResourcesBuildPhase section */

/* Begin PBXSourcesBuildPhase section */
		2836A8B92ABA1BA800778B43 /* Sources */ = {
			isa = PBXSourcesBuildPhase;
			buildActionMask = 2147483647;
			files = (
				E884683C2AC8D1B6009175BB /* TESTViewController.swift in Sources */,
				28B63D072AC1CB5500DE1D1A /* CreateSubTaskView.swift in Sources */,
				818076042AC4D81000E4AE26 /* EditProjectTagViewModel.swift in Sources */,
				288B59D22ABE4C660058531D /* HomeViewModel.swift in Sources */,
				28B63D092AC2157500DE1D1A /* CreateSubTaskViewModel.swift in Sources */,
				9BEC391E2AC7661B00B42C4C /* SubtasksInTasksComponent.swift in Sources */,
				E884683E2AC8D5E9009175BB /* ModalSquareComponent.swift in Sources */,
				9BC048B92AC467E600A1E9BB /* CheckboxViewCell.swift in Sources */,
				818076002AC4D7ED00E4AE26 /* ProjectTagViewModel.swift in Sources */,
				E88468412AC9265B009175BB /* ModalGetInfoTaskView.swift in Sources */,
				2836A8CB2ABA1BA800778B43 /* DailyTask.xcdatamodeld in Sources */,
				9BC048B72AC4674400A1E9BB /* Checkbox.swift in Sources */,
				E87A9C102AC5EBF1009E6744 /* ChooseMethodologyComponent.swift in Sources */,
				288B59C12ABE30750058531D /* ProjectTagManager.swift in Sources */,
				28FF78C72AC669CB00F2CB59 /* TagComponent.swift in Sources */,
				9B0AA41C2AC089D6008D08B6 /* CreateTaskView.swift in Sources */,
				2829C5012ABB6A1F00A75CEB /* Colors.swift in Sources */,
				286CAE972AC5B49300200E82 /* DatePickerView.swift in Sources */,
				286CAE712AC455EE00200E82 /* LabelComponent.swift in Sources */,
				818075F72AC4C2A000E4AE26 /* EditTaskTagView.swift in Sources */,
				818075FB2AC4C2F100E4AE26 /* EditTaskTagViewModel.swift in Sources */,
				28C45BF92ABAF0E8001CEFED /* MainCoordinator.swift in Sources */,
				E84018C02ABF358B000AA58B /* ProjectListViewModel.swift in Sources */,
				E84018F42AC13C5A000AA58B /* TaskTableForProjectList.swift in Sources */,
				E88A24232AC3DB9500D77229 /* ColorChooseComponent.swift in Sources */,
				288B59C52ABE30DE0058531D /* TaskTagManager.swift in Sources */,
				E87C6EF52AC24A62001B794C /* ChooseIconComponent.swift in Sources */,
				E84018C82ABFAE0C000AA58B /* ProjectListCollectionViewCell.swift in Sources */,
				288B59C32ABE30B20058531D /* TaskManager.swift in Sources */,
				9B0AA4222AC1E8D7008D08B6 /* CreateTaskViewModel.swift in Sources */,
				9B0AA41A2AC07B11008D08B6 /* TaskViewModel.swift in Sources */,
				280DD7922ABF2C8000C2ADA9 /* DatePickerComponent.swift in Sources */,
				286CAE732AC4BD3C00200E82 /* ContainerComponent.swift in Sources */,
				E87C6EF32AC208A4001B794C /* ProgressCircleBarComponent.swift in Sources */,
				818075F52AC4C28800E4AE26 /* TaskTagView.swift in Sources */,
				E84018BE2ABF3579000AA58B /* ProjectListView.swift in Sources */,
				9B6EB2D92AC5FE7100DA1430 /* Priority.swift in Sources */,
				9BC048BE2AC4AA5000A1E9BB /* SegmentedControl.swift in Sources */,
				28FF78C92AC67B9300F2CB59 /* TagsColectionComponent.swift in Sources */,
				28C45BF72ABAE920001CEFED /* Coordinator.swift in Sources */,
				E84018CC2ABFAFF5000AA58B /* ProjectCreationView.swift in Sources */,
				E88468432AC927B8009175BB /* ModalGetInfoTaskViewModel.swift in Sources */,
				818075F92AC4C2D800E4AE26 /* TaskTagViewModel.swift in Sources */,
				288B59BF2ABE303F0058531D /* ProjectManager.swift in Sources */,
				E88A24272AC4C37900D77229 /* TextDescriptionComponent.swift in Sources */,
				286CAE952AC59AED00200E82 /* DeadlineComponent.swift in Sources */,
				818075FE2AC4D7E100E4AE26 /* ProjectTagView.swift in Sources */,
				9BB144B02ACB634A0023D7C6 /* ContainerProjectsList.swift in Sources */,
				9B0AA4182AC07B07008D08B6 /* TaskView.swift in Sources */,
				2836A8C12ABA1BA800778B43 /* AppDelegate.swift in Sources */,
				2836A8C32ABA1BA800778B43 /* SceneDelegate.swift in Sources */,
				E87C6F172AC27441001B794C /* TextFieldComponent.swift in Sources */,
				288B59D02ABE4C580058531D /* HomeView.swift in Sources */,
				E84018CE2ABFB01F000AA58B /* ProjectCreationViewModel.swift in Sources */,
				818076022AC4D7FE00E4AE26 /* EditProjectTagView.swift in Sources */,
				288B59C72ABE30F90058531D /* SubTaskManager.swift in Sources */,
			);
			runOnlyForDeploymentPostprocessing = 0;
		};
/* End PBXSourcesBuildPhase section */

/* Begin PBXVariantGroup section */
		2836A8CE2ABA1BA900778B43 /* LaunchScreen.storyboard */ = {
			isa = PBXVariantGroup;
			children = (
				2836A8CF2ABA1BA900778B43 /* Base */,
			);
			name = LaunchScreen.storyboard;
			sourceTree = "<group>";
		};
/* End PBXVariantGroup section */

/* Begin XCBuildConfiguration section */
		2836A8D32ABA1BA900778B43 /* Debug */ = {
			isa = XCBuildConfiguration;
			buildSettings = {
				ALWAYS_SEARCH_USER_PATHS = NO;
				ASSETCATALOG_COMPILER_GENERATE_SWIFT_ASSET_SYMBOL_EXTENSIONS = YES;
				CLANG_ANALYZER_NONNULL = YES;
				CLANG_ANALYZER_NUMBER_OBJECT_CONVERSION = YES_AGGRESSIVE;
				CLANG_CXX_LANGUAGE_STANDARD = "gnu++20";
				CLANG_ENABLE_MODULES = YES;
				CLANG_ENABLE_OBJC_ARC = YES;
				CLANG_ENABLE_OBJC_WEAK = YES;
				CLANG_WARN_BLOCK_CAPTURE_AUTORELEASING = YES;
				CLANG_WARN_BOOL_CONVERSION = YES;
				CLANG_WARN_COMMA = YES;
				CLANG_WARN_CONSTANT_CONVERSION = YES;
				CLANG_WARN_DEPRECATED_OBJC_IMPLEMENTATIONS = YES;
				CLANG_WARN_DIRECT_OBJC_ISA_USAGE = YES_ERROR;
				CLANG_WARN_DOCUMENTATION_COMMENTS = YES;
				CLANG_WARN_EMPTY_BODY = YES;
				CLANG_WARN_ENUM_CONVERSION = YES;
				CLANG_WARN_INFINITE_RECURSION = YES;
				CLANG_WARN_INT_CONVERSION = YES;
				CLANG_WARN_NON_LITERAL_NULL_CONVERSION = YES;
				CLANG_WARN_OBJC_IMPLICIT_RETAIN_SELF = YES;
				CLANG_WARN_OBJC_LITERAL_CONVERSION = YES;
				CLANG_WARN_OBJC_ROOT_CLASS = YES_ERROR;
				CLANG_WARN_QUOTED_INCLUDE_IN_FRAMEWORK_HEADER = YES;
				CLANG_WARN_RANGE_LOOP_ANALYSIS = YES;
				CLANG_WARN_STRICT_PROTOTYPES = YES;
				CLANG_WARN_SUSPICIOUS_MOVE = YES;
				CLANG_WARN_UNGUARDED_AVAILABILITY = YES_AGGRESSIVE;
				CLANG_WARN_UNREACHABLE_CODE = YES;
				CLANG_WARN__DUPLICATE_METHOD_MATCH = YES;
				COPY_PHASE_STRIP = NO;
				DEBUG_INFORMATION_FORMAT = dwarf;
				ENABLE_STRICT_OBJC_MSGSEND = YES;
				ENABLE_TESTABILITY = YES;
				ENABLE_USER_SCRIPT_SANDBOXING = YES;
				GCC_C_LANGUAGE_STANDARD = gnu17;
				GCC_DYNAMIC_NO_PIC = NO;
				GCC_NO_COMMON_BLOCKS = YES;
				GCC_OPTIMIZATION_LEVEL = 0;
				GCC_PREPROCESSOR_DEFINITIONS = (
					"DEBUG=1",
					"$(inherited)",
				);
				GCC_WARN_64_TO_32_BIT_CONVERSION = YES;
				GCC_WARN_ABOUT_RETURN_TYPE = YES_ERROR;
				GCC_WARN_UNDECLARED_SELECTOR = YES;
				GCC_WARN_UNINITIALIZED_AUTOS = YES_AGGRESSIVE;
				GCC_WARN_UNUSED_FUNCTION = YES;
				GCC_WARN_UNUSED_VARIABLE = YES;
				IPHONEOS_DEPLOYMENT_TARGET = 17.0;
				LOCALIZATION_PREFERS_STRING_CATALOGS = YES;
				MTL_ENABLE_DEBUG_INFO = INCLUDE_SOURCE;
				MTL_FAST_MATH = YES;
				ONLY_ACTIVE_ARCH = YES;
				SDKROOT = iphoneos;
				SWIFT_ACTIVE_COMPILATION_CONDITIONS = "DEBUG $(inherited)";
				SWIFT_OPTIMIZATION_LEVEL = "-Onone";
			};
			name = Debug;
		};
		2836A8D42ABA1BA900778B43 /* Release */ = {
			isa = XCBuildConfiguration;
			buildSettings = {
				ALWAYS_SEARCH_USER_PATHS = NO;
				ASSETCATALOG_COMPILER_GENERATE_SWIFT_ASSET_SYMBOL_EXTENSIONS = YES;
				CLANG_ANALYZER_NONNULL = YES;
				CLANG_ANALYZER_NUMBER_OBJECT_CONVERSION = YES_AGGRESSIVE;
				CLANG_CXX_LANGUAGE_STANDARD = "gnu++20";
				CLANG_ENABLE_MODULES = YES;
				CLANG_ENABLE_OBJC_ARC = YES;
				CLANG_ENABLE_OBJC_WEAK = YES;
				CLANG_WARN_BLOCK_CAPTURE_AUTORELEASING = YES;
				CLANG_WARN_BOOL_CONVERSION = YES;
				CLANG_WARN_COMMA = YES;
				CLANG_WARN_CONSTANT_CONVERSION = YES;
				CLANG_WARN_DEPRECATED_OBJC_IMPLEMENTATIONS = YES;
				CLANG_WARN_DIRECT_OBJC_ISA_USAGE = YES_ERROR;
				CLANG_WARN_DOCUMENTATION_COMMENTS = YES;
				CLANG_WARN_EMPTY_BODY = YES;
				CLANG_WARN_ENUM_CONVERSION = YES;
				CLANG_WARN_INFINITE_RECURSION = YES;
				CLANG_WARN_INT_CONVERSION = YES;
				CLANG_WARN_NON_LITERAL_NULL_CONVERSION = YES;
				CLANG_WARN_OBJC_IMPLICIT_RETAIN_SELF = YES;
				CLANG_WARN_OBJC_LITERAL_CONVERSION = YES;
				CLANG_WARN_OBJC_ROOT_CLASS = YES_ERROR;
				CLANG_WARN_QUOTED_INCLUDE_IN_FRAMEWORK_HEADER = YES;
				CLANG_WARN_RANGE_LOOP_ANALYSIS = YES;
				CLANG_WARN_STRICT_PROTOTYPES = YES;
				CLANG_WARN_SUSPICIOUS_MOVE = YES;
				CLANG_WARN_UNGUARDED_AVAILABILITY = YES_AGGRESSIVE;
				CLANG_WARN_UNREACHABLE_CODE = YES;
				CLANG_WARN__DUPLICATE_METHOD_MATCH = YES;
				COPY_PHASE_STRIP = NO;
				DEBUG_INFORMATION_FORMAT = "dwarf-with-dsym";
				ENABLE_NS_ASSERTIONS = NO;
				ENABLE_STRICT_OBJC_MSGSEND = YES;
				ENABLE_USER_SCRIPT_SANDBOXING = YES;
				GCC_C_LANGUAGE_STANDARD = gnu17;
				GCC_NO_COMMON_BLOCKS = YES;
				GCC_WARN_64_TO_32_BIT_CONVERSION = YES;
				GCC_WARN_ABOUT_RETURN_TYPE = YES_ERROR;
				GCC_WARN_UNDECLARED_SELECTOR = YES;
				GCC_WARN_UNINITIALIZED_AUTOS = YES_AGGRESSIVE;
				GCC_WARN_UNUSED_FUNCTION = YES;
				GCC_WARN_UNUSED_VARIABLE = YES;
				IPHONEOS_DEPLOYMENT_TARGET = 17.0;
				LOCALIZATION_PREFERS_STRING_CATALOGS = YES;
				MTL_ENABLE_DEBUG_INFO = NO;
				MTL_FAST_MATH = YES;
				SDKROOT = iphoneos;
				SWIFT_COMPILATION_MODE = wholemodule;
				VALIDATE_PRODUCT = YES;
			};
			name = Release;
		};
		2836A8D62ABA1BA900778B43 /* Debug */ = {
			isa = XCBuildConfiguration;
			buildSettings = {
				ASSETCATALOG_COMPILER_APPICON_NAME = AppIcon;
				ASSETCATALOG_COMPILER_GLOBAL_ACCENT_COLOR_NAME = AccentColor;
				CODE_SIGN_ENTITLEMENTS = DailyTask/Icloud/DailyTask.entitlements;
				CODE_SIGN_STYLE = Automatic;
				CURRENT_PROJECT_VERSION = 1;
				DEVELOPMENT_TEAM = PCTRQS8Z4G;
				GENERATE_INFOPLIST_FILE = YES;
				INFOPLIST_FILE = DailyTask/System/Info.plist;
				INFOPLIST_KEY_UIApplicationSupportsIndirectInputEvents = YES;
				INFOPLIST_KEY_UILaunchStoryboardName = LaunchScreen;
				INFOPLIST_KEY_UIStatusBarStyle = "";
				INFOPLIST_KEY_UISupportedInterfaceOrientations_iPad = "UIInterfaceOrientationPortrait UIInterfaceOrientationPortraitUpsideDown UIInterfaceOrientationLandscapeLeft UIInterfaceOrientationLandscapeRight";
				INFOPLIST_KEY_UISupportedInterfaceOrientations_iPhone = "UIInterfaceOrientationPortrait UIInterfaceOrientationLandscapeLeft UIInterfaceOrientationLandscapeRight";
				LD_RUNPATH_SEARCH_PATHS = (
					"$(inherited)",
					"@executable_path/Frameworks",
				);
				MARKETING_VERSION = 1.0;
				PRODUCT_BUNDLE_IDENTIFIER = com.Leonardo.DailyTask;
				PRODUCT_NAME = "$(TARGET_NAME)";
				SUPPORTED_PLATFORMS = "iphoneos iphonesimulator";
				SUPPORTS_MACCATALYST = NO;
				SUPPORTS_MAC_DESIGNED_FOR_IPHONE_IPAD = NO;
				SWIFT_EMIT_LOC_STRINGS = YES;
				SWIFT_VERSION = 5.0;
				TARGETED_DEVICE_FAMILY = "1,2";
			};
			name = Debug;
		};
		2836A8D72ABA1BA900778B43 /* Release */ = {
			isa = XCBuildConfiguration;
			buildSettings = {
				ASSETCATALOG_COMPILER_APPICON_NAME = AppIcon;
				ASSETCATALOG_COMPILER_GLOBAL_ACCENT_COLOR_NAME = AccentColor;
				CODE_SIGN_ENTITLEMENTS = DailyTask/Icloud/DailyTask.entitlements;
				CODE_SIGN_STYLE = Automatic;
				CURRENT_PROJECT_VERSION = 1;
				DEVELOPMENT_TEAM = PCTRQS8Z4G;
				GENERATE_INFOPLIST_FILE = YES;
				INFOPLIST_FILE = DailyTask/System/Info.plist;
				INFOPLIST_KEY_UIApplicationSupportsIndirectInputEvents = YES;
				INFOPLIST_KEY_UILaunchStoryboardName = LaunchScreen;
				INFOPLIST_KEY_UIStatusBarStyle = "";
				INFOPLIST_KEY_UISupportedInterfaceOrientations_iPad = "UIInterfaceOrientationPortrait UIInterfaceOrientationPortraitUpsideDown UIInterfaceOrientationLandscapeLeft UIInterfaceOrientationLandscapeRight";
				INFOPLIST_KEY_UISupportedInterfaceOrientations_iPhone = "UIInterfaceOrientationPortrait UIInterfaceOrientationLandscapeLeft UIInterfaceOrientationLandscapeRight";
				LD_RUNPATH_SEARCH_PATHS = (
					"$(inherited)",
					"@executable_path/Frameworks",
				);
				MARKETING_VERSION = 1.0;
				PRODUCT_BUNDLE_IDENTIFIER = com.Leonardo.DailyTask;
				PRODUCT_NAME = "$(TARGET_NAME)";
				SUPPORTED_PLATFORMS = "iphoneos iphonesimulator";
				SUPPORTS_MACCATALYST = NO;
				SUPPORTS_MAC_DESIGNED_FOR_IPHONE_IPAD = NO;
				SWIFT_EMIT_LOC_STRINGS = YES;
				SWIFT_VERSION = 5.0;
				TARGETED_DEVICE_FAMILY = "1,2";
			};
			name = Release;
		};
/* End XCBuildConfiguration section */

/* Begin XCConfigurationList section */
		2836A8B82ABA1BA800778B43 /* Build configuration list for PBXProject "DailyTask" */ = {
			isa = XCConfigurationList;
			buildConfigurations = (
				2836A8D32ABA1BA900778B43 /* Debug */,
				2836A8D42ABA1BA900778B43 /* Release */,
			);
			defaultConfigurationIsVisible = 0;
			defaultConfigurationName = Release;
		};
		2836A8D52ABA1BA900778B43 /* Build configuration list for PBXNativeTarget "DailyTask" */ = {
			isa = XCConfigurationList;
			buildConfigurations = (
				2836A8D62ABA1BA900778B43 /* Debug */,
				2836A8D72ABA1BA900778B43 /* Release */,
			);
			defaultConfigurationIsVisible = 0;
			defaultConfigurationName = Release;
		};
/* End XCConfigurationList section */

/* Begin XCVersionGroup section */
		2836A8C92ABA1BA800778B43 /* DailyTask.xcdatamodeld */ = {
			isa = XCVersionGroup;
			children = (
				2836A8CA2ABA1BA800778B43 /* DailyTask.xcdatamodel */,
			);
			currentVersion = 2836A8CA2ABA1BA800778B43 /* DailyTask.xcdatamodel */;
			path = DailyTask.xcdatamodeld;
			sourceTree = "<group>";
			versionGroupType = wrapper.xcdatamodel;
		};
/* End XCVersionGroup section */
	};
	rootObject = 2836A8B52ABA1BA800778B43 /* Project object */;
}
